
Microsoft Visual Studio Solution File, Format Version 12.00
Project("{2150E333-8FDC-42A3-9474-1A3956D46DE8}") = "SolutionItems", "SolutionItems", "{5A2A788D-6EFE-4F33-A5B5-2F0DA0AA9A47}"
	ProjectSection(SolutionItems) = preProject
		LICENSE = LICENSE
		README.md = README.md
		Directory.Build.props = Directory.Build.props
	EndProjectSection
EndProject
Project("{2150E333-8FDC-42A3-9474-1A3956D46DE8}") = "Tests", "Tests", "{9AD1FD80-1993-4219-8CD7-58FA36E345A2}"
EndProject
Project("{FAE04EC0-301F-11D3-BF4B-00C04F79EFBC}") = "Core", "Core\Core.csproj", "{DA012A8C-F04B-4397-8EBB-D0C5AD45F272}"
EndProject
Project("{FAE04EC0-301F-11D3-BF4B-00C04F79EFBC}") = "Core.Tests", "Core.Tests\Core.Tests.csproj", "{0C067943-C953-49C9-8001-2971B99BA28D}"
EndProject
Project("{FAE04EC0-301F-11D3-BF4B-00C04F79EFBC}") = "Wpf", "Wpf\Wpf.csproj", "{745EE6F7-0F36-41F6-98D4-624241E2F53C}"
EndProject
Project("{FAE04EC0-301F-11D3-BF4B-00C04F79EFBC}") = "Wpf.Tests", "Wpf.Tests\Wpf.Tests.csproj", "{B7335DBE-BA89-42A8-A677-23E164BA745D}"
EndProject
Global
	GlobalSection(SolutionConfigurationPlatforms) = preSolution
		Debug|Any CPU = Debug|Any CPU
		Release|Any CPU = Release|Any CPU
	EndGlobalSection
	GlobalSection(ProjectConfigurationPlatforms) = postSolution
		{DA012A8C-F04B-4397-8EBB-D0C5AD45F272}.Debug|Any CPU.ActiveCfg = Debug|Any CPU
		{DA012A8C-F04B-4397-8EBB-D0C5AD45F272}.Debug|Any CPU.Build.0 = Debug|Any CPU
		{DA012A8C-F04B-4397-8EBB-D0C5AD45F272}.Release|Any CPU.ActiveCfg = Release|Any CPU
		{DA012A8C-F04B-4397-8EBB-D0C5AD45F272}.Release|Any CPU.Build.0 = Release|Any CPU
		{0C067943-C953-49C9-8001-2971B99BA28D}.Debug|Any CPU.ActiveCfg = Debug|Any CPU
		{0C067943-C953-49C9-8001-2971B99BA28D}.Debug|Any CPU.Build.0 = Debug|Any CPU
		{0C067943-C953-49C9-8001-2971B99BA28D}.Release|Any CPU.ActiveCfg = Release|Any CPU
		{0C067943-C953-49C9-8001-2971B99BA28D}.Release|Any CPU.Build.0 = Release|Any CPU
		{745EE6F7-0F36-41F6-98D4-624241E2F53C}.Debug|Any CPU.ActiveCfg = Debug|Any CPU
		{745EE6F7-0F36-41F6-98D4-624241E2F53C}.Debug|Any CPU.Build.0 = Debug|Any CPU
		{745EE6F7-0F36-41F6-98D4-624241E2F53C}.Release|Any CPU.ActiveCfg = Release|Any CPU
		{745EE6F7-0F36-41F6-98D4-624241E2F53C}.Release|Any CPU.Build.0 = Release|Any CPU
		{B7335DBE-BA89-42A8-A677-23E164BA745D}.Debug|Any CPU.ActiveCfg = Debug|Any CPU
		{B7335DBE-BA89-42A8-A677-23E164BA745D}.Debug|Any CPU.Build.0 = Debug|Any CPU
		{B7335DBE-BA89-42A8-A677-23E164BA745D}.Release|Any CPU.ActiveCfg = Release|Any CPU
		{B7335DBE-BA89-42A8-A677-23E164BA745D}.Release|Any CPU.Build.0 = Release|Any CPU
	EndGlobalSection
	GlobalSection(NestedProjects) = preSolution
		{0C067943-C953-49C9-8001-2971B99BA28D} = {9AD1FD80-1993-4219-8CD7-58FA36E345A2}
		{B7335DBE-BA89-42A8-A677-23E164BA745D} = {9AD1FD80-1993-4219-8CD7-58FA36E345A2}
	EndGlobalSection
EndGlobal
