
Microsoft Visual Studio Solution File, Format Version 12.00
Project("{2150E333-8FDC-42A3-9474-1A3956D46DE8}") = "SolutionItems", "SolutionItems", "{5A2A788D-6EFE-4F33-A5B5-2F0DA0AA9A47}"
	ProjectSection(SolutionItems) = preProject
		LICENSE = LICENSE
		README.md = README.md
		Directory.Build.props = Directory.Build.props
	EndProjectSection
EndProject
Project("{2150E333-8FDC-42A3-9474-1A3956D46DE8}") = "Tests", "Tests", "{9AD1FD80-1993-4219-8CD7-58FA36E345A2}"
EndProject
Project("{FAE04EC0-301F-11D3-BF4B-00C04F79EFBC}") = "Core", "Core\Core.csproj", "{DA012A8C-F04B-4397-8EBB-D0C5AD45F272}"
EndProject
Global
	GlobalSection(SolutionConfigurationPlatforms) = preSolution
		Debug|Any CPU = Debug|Any CPU
		Release|Any CPU = Release|Any CPU
	EndGlobalSection
	GlobalSection(ProjectConfigurationPlatforms) = postSolution
		{DA012A8C-F04B-4397-8EBB-D0C5AD45F272}.Debug|Any CPU.ActiveCfg = Debug|Any CPU
		{DA012A8C-F04B-4397-8EBB-D0C5AD45F272}.Debug|Any CPU.Build.0 = Debug|Any CPU
		{DA012A8C-F04B-4397-8EBB-D0C5AD45F272}.Release|Any CPU.ActiveCfg = Release|Any CPU
		{DA012A8C-F04B-4397-8EBB-D0C5AD45F272}.Release|Any CPU.Build.0 = Release|Any CPU
	EndGlobalSection
	GlobalSection(NestedProjects) = preSolution
	EndGlobalSection
EndGlobal
